
Microsoft Visual Studio Solution File, Format Version 12.00
# Visual Studio Version 16
VisualStudioVersion = 16.0.29025.244
MinimumVisualStudioVersion = 10.0.40219.1
Project("{FAE04EC0-301F-11D3-BF4B-00C04F79EFBC}") = "Song", "Song\Song.csproj", "{8993679D-9562-4916-A1A8-14089CF3B432}"
EndProject
Global
	GlobalSection(SolutionConfigurationPlatforms) = preSolution
		Debug|Any CPU = Debug|Any CPU
		Release|Any CPU = Release|Any CPU
	EndGlobalSection
	GlobalSection(ProjectConfigurationPlatforms) = postSolution
		{8993679D-9562-4916-A1A8-14089CF3B432}.Debug|Any CPU.ActiveCfg = Debug|Any CPU
		{8993679D-9562-4916-A1A8-14089CF3B432}.Debug|Any CPU.Build.0 = Debug|Any CPU
		{8993679D-9562-4916-A1A8-14089CF3B432}.Release|Any CPU.ActiveCfg = Release|Any CPU
		{8993679D-9562-4916-A1A8-14089CF3B432}.Release|Any CPU.Build.0 = Release|Any CPU
	EndGlobalSection
	GlobalSection(SolutionProperties) = preSolution
		HideSolutionNode = FALSE
	EndGlobalSection
	GlobalSection(ExtensibilityGlobals) = postSolution
		SolutionGuid = {557EC015-BA19-41C6-AC98-AD4E575E74F4}
	EndGlobalSection
EndGlobal
